
Microsoft Visual Studio Solution File, Format Version 12.00
# Visual Studio 15
VisualStudioVersion = 15.0.27703.2000
MinimumVisualStudioVersion = 10.0.40219.1
Project("{FAE04EC0-301F-11D3-BF4B-00C04F79EFBC}") = "LetsEncrypt.SiteExtension", "LetsEncrypt-SiteExtension\LetsEncrypt.SiteExtension.csproj", "{87F0FF62-16C3-43CE-B154-1B9BC28DED67}"
EndProject
Project("{151D2E53-A2C4-4D7D-83FE-D05416EBD58E}") = "LetsEncrypt.ResourceGroup", "LetsEncrypt.ResourceGroup\LetsEncrypt.ResourceGroup.deployproj", "{8D564C1F-D94F-488C-AB13-F42C0511F76E}"
EndProject
Project("{FAE04EC0-301F-11D3-BF4B-00C04F79EFBC}") = "LetsEncrypt.SiteExtension.Test", "LetsEncrypt.SiteExtension.Test\LetsEncrypt.SiteExtension.Test.csproj", "{279DE1A9-4C87-4780-A64E-6FC2E049852A}"
EndProject
Project("{FAE04EC0-301F-11D3-BF4B-00C04F79EFBC}") = "LetsEncrypt.SiteExtension.WebJob", "LetsEncrypt.SiteExtension.WebJob\LetsEncrypt.SiteExtension.WebJob.csproj", "{EFB1F15B-3ACF-4A26-8280-88BE13DBB86F}"
EndProject
Project("{FAE04EC0-301F-11D3-BF4B-00C04F79EFBC}") = "LetsEncrypt.Azure.Core", "LetsEncrypt.SiteExtension.Core\LetsEncrypt.Azure.Core.csproj", "{284F0226-F481-4C10-A408-4146FDBB71CC}"
EndProject
Project("{2150E333-8FDC-42A3-9474-1A3956D46DE8}") = "Tools", "Tools", "{ED36B174-3C73-447F-A76F-5E8D23B8ADB3}"
	ProjectSection(SolutionItems) = preProject
		build.cmd = build.cmd
		build.core.cmd = build.core.cmd
		LetsEncrypt.nuspec = LetsEncrypt.nuspec
		LetsEncrypt.SiteExtension.Core\LetsEncrypt.SiteExtension.Core.nuspec = LetsEncrypt.SiteExtension.Core\LetsEncrypt.SiteExtension.Core.nuspec
		LetsEncrypt.WebAppOnly.nuspec = LetsEncrypt.WebAppOnly.nuspec
	EndProjectSection
EndProject
Project("{2150E333-8FDC-42A3-9474-1A3956D46DE8}") = "Solution Items", "Solution Items", "{8F9BEBC9-2310-4E20-92A2-C267A6820BCF}"
	ProjectSection(SolutionItems) = preProject
		.gitignore = .gitignore
		README.md = README.md
	EndProjectSection
EndProject
Project("{2150E333-8FDC-42A3-9474-1A3956D46DE8}") = "ACMESharp", "ACMESharp", "{E4B09348-2E98-4A58-8D5A-B55231D6A2E3}"
EndProject
Project("{FAE04EC0-301F-11D3-BF4B-00C04F79EFBC}") = "ACMESharp", "ACMESharp\ACMESharp\ACMESharp\ACMESharp.csproj", "{D551234B-0A8D-4DEE-8178-A81998DF0EDB}"
EndProject
Project("{FAE04EC0-301F-11D3-BF4B-00C04F79EFBC}") = "ACMESharp.PKI.Providers.BouncyCastle", "ACMESharp\ACMESharp\ACMESharp.PKI.Providers.BouncyCastle\ACMESharp.PKI.Providers.BouncyCastle.csproj", "{473BFF7D-C7F0-471D-B7A3-19AD9ADFDBA9}"
EndProject
Global
	GlobalSection(SolutionConfigurationPlatforms) = preSolution
		Debug|Any CPU = Debug|Any CPU
		Debug|x64 = Debug|x64
		Debug|x86 = Debug|x86
		Release|Any CPU = Release|Any CPU
		Release|x64 = Release|x64
		Release|x86 = Release|x86
	EndGlobalSection
	GlobalSection(ProjectConfigurationPlatforms) = postSolution
		{87F0FF62-16C3-43CE-B154-1B9BC28DED67}.Debug|Any CPU.ActiveCfg = Debug|Any CPU
		{87F0FF62-16C3-43CE-B154-1B9BC28DED67}.Debug|Any CPU.Build.0 = Debug|Any CPU
		{87F0FF62-16C3-43CE-B154-1B9BC28DED67}.Debug|x64.ActiveCfg = Debug|x64
		{87F0FF62-16C3-43CE-B154-1B9BC28DED67}.Debug|x64.Build.0 = Debug|x64
		{87F0FF62-16C3-43CE-B154-1B9BC28DED67}.Debug|x86.ActiveCfg = Debug|x86
		{87F0FF62-16C3-43CE-B154-1B9BC28DED67}.Debug|x86.Build.0 = Debug|x86
		{87F0FF62-16C3-43CE-B154-1B9BC28DED67}.Release|Any CPU.ActiveCfg = Release|Any CPU
		{87F0FF62-16C3-43CE-B154-1B9BC28DED67}.Release|Any CPU.Build.0 = Release|Any CPU
		{87F0FF62-16C3-43CE-B154-1B9BC28DED67}.Release|x64.ActiveCfg = Release|x64
		{87F0FF62-16C3-43CE-B154-1B9BC28DED67}.Release|x64.Build.0 = Release|x64
		{87F0FF62-16C3-43CE-B154-1B9BC28DED67}.Release|x86.ActiveCfg = Release|x86
		{87F0FF62-16C3-43CE-B154-1B9BC28DED67}.Release|x86.Build.0 = Release|x86
		{8D564C1F-D94F-488C-AB13-F42C0511F76E}.Debug|Any CPU.ActiveCfg = Debug|Any CPU
		{8D564C1F-D94F-488C-AB13-F42C0511F76E}.Debug|Any CPU.Build.0 = Debug|Any CPU
		{8D564C1F-D94F-488C-AB13-F42C0511F76E}.Debug|x64.ActiveCfg = Debug|x64
		{8D564C1F-D94F-488C-AB13-F42C0511F76E}.Debug|x64.Build.0 = Debug|x64
		{8D564C1F-D94F-488C-AB13-F42C0511F76E}.Debug|x86.ActiveCfg = Debug|x86
		{8D564C1F-D94F-488C-AB13-F42C0511F76E}.Debug|x86.Build.0 = Debug|x86
		{8D564C1F-D94F-488C-AB13-F42C0511F76E}.Release|Any CPU.ActiveCfg = Release|Any CPU
		{8D564C1F-D94F-488C-AB13-F42C0511F76E}.Release|Any CPU.Build.0 = Release|Any CPU
		{8D564C1F-D94F-488C-AB13-F42C0511F76E}.Release|x64.ActiveCfg = Release|x64
		{8D564C1F-D94F-488C-AB13-F42C0511F76E}.Release|x64.Build.0 = Release|x64
		{8D564C1F-D94F-488C-AB13-F42C0511F76E}.Release|x86.ActiveCfg = Release|x86
		{8D564C1F-D94F-488C-AB13-F42C0511F76E}.Release|x86.Build.0 = Release|x86
		{279DE1A9-4C87-4780-A64E-6FC2E049852A}.Debug|Any CPU.ActiveCfg = Debug|Any CPU
		{279DE1A9-4C87-4780-A64E-6FC2E049852A}.Debug|Any CPU.Build.0 = Debug|Any CPU
		{279DE1A9-4C87-4780-A64E-6FC2E049852A}.Debug|x64.ActiveCfg = Debug|x64
		{279DE1A9-4C87-4780-A64E-6FC2E049852A}.Debug|x64.Build.0 = Debug|x64
		{279DE1A9-4C87-4780-A64E-6FC2E049852A}.Debug|x86.ActiveCfg = Debug|x86
		{279DE1A9-4C87-4780-A64E-6FC2E049852A}.Debug|x86.Build.0 = Debug|x86
		{279DE1A9-4C87-4780-A64E-6FC2E049852A}.Release|Any CPU.ActiveCfg = Release|Any CPU
		{279DE1A9-4C87-4780-A64E-6FC2E049852A}.Release|Any CPU.Build.0 = Release|Any CPU
		{279DE1A9-4C87-4780-A64E-6FC2E049852A}.Release|x64.ActiveCfg = Release|x64
		{279DE1A9-4C87-4780-A64E-6FC2E049852A}.Release|x64.Build.0 = Release|x64
		{279DE1A9-4C87-4780-A64E-6FC2E049852A}.Release|x86.ActiveCfg = Release|x86
		{279DE1A9-4C87-4780-A64E-6FC2E049852A}.Release|x86.Build.0 = Release|x86
		{EFB1F15B-3ACF-4A26-8280-88BE13DBB86F}.Debug|Any CPU.ActiveCfg = Debug|Any CPU
		{EFB1F15B-3ACF-4A26-8280-88BE13DBB86F}.Debug|Any CPU.Build.0 = Debug|Any CPU
		{EFB1F15B-3ACF-4A26-8280-88BE13DBB86F}.Debug|x64.ActiveCfg = Debug|x64
		{EFB1F15B-3ACF-4A26-8280-88BE13DBB86F}.Debug|x64.Build.0 = Debug|x64
		{EFB1F15B-3ACF-4A26-8280-88BE13DBB86F}.Debug|x86.ActiveCfg = Debug|x86
		{EFB1F15B-3ACF-4A26-8280-88BE13DBB86F}.Debug|x86.Build.0 = Debug|x86
		{EFB1F15B-3ACF-4A26-8280-88BE13DBB86F}.Release|Any CPU.ActiveCfg = Release|Any CPU
		{EFB1F15B-3ACF-4A26-8280-88BE13DBB86F}.Release|Any CPU.Build.0 = Release|Any CPU
		{EFB1F15B-3ACF-4A26-8280-88BE13DBB86F}.Release|x64.ActiveCfg = Release|x64
		{EFB1F15B-3ACF-4A26-8280-88BE13DBB86F}.Release|x64.Build.0 = Release|x64
		{EFB1F15B-3ACF-4A26-8280-88BE13DBB86F}.Release|x86.ActiveCfg = Release|x86
		{EFB1F15B-3ACF-4A26-8280-88BE13DBB86F}.Release|x86.Build.0 = Release|x86
		{284F0226-F481-4C10-A408-4146FDBB71CC}.Debug|Any CPU.ActiveCfg = Debug|Any CPU
		{284F0226-F481-4C10-A408-4146FDBB71CC}.Debug|Any CPU.Build.0 = Debug|Any CPU
		{284F0226-F481-4C10-A408-4146FDBB71CC}.Debug|x64.ActiveCfg = Debug|x64
		{284F0226-F481-4C10-A408-4146FDBB71CC}.Debug|x64.Build.0 = Debug|x64
		{284F0226-F481-4C10-A408-4146FDBB71CC}.Debug|x86.ActiveCfg = Debug|x86
		{284F0226-F481-4C10-A408-4146FDBB71CC}.Debug|x86.Build.0 = Debug|x86
		{284F0226-F481-4C10-A408-4146FDBB71CC}.Release|Any CPU.ActiveCfg = Release|Any CPU
		{284F0226-F481-4C10-A408-4146FDBB71CC}.Release|Any CPU.Build.0 = Release|Any CPU
		{284F0226-F481-4C10-A408-4146FDBB71CC}.Release|x64.ActiveCfg = Release|x64
		{284F0226-F481-4C10-A408-4146FDBB71CC}.Release|x64.Build.0 = Release|x64
		{284F0226-F481-4C10-A408-4146FDBB71CC}.Release|x86.ActiveCfg = Release|x86
		{284F0226-F481-4C10-A408-4146FDBB71CC}.Release|x86.Build.0 = Release|x86
		{D551234B-0A8D-4DEE-8178-A81998DF0EDB}.Debug|Any CPU.ActiveCfg = Debug|Any CPU
		{D551234B-0A8D-4DEE-8178-A81998DF0EDB}.Debug|Any CPU.Build.0 = Debug|Any CPU
		{D551234B-0A8D-4DEE-8178-A81998DF0EDB}.Debug|x64.ActiveCfg = Debug|Any CPU
		{D551234B-0A8D-4DEE-8178-A81998DF0EDB}.Debug|x64.Build.0 = Debug|Any CPU
		{D551234B-0A8D-4DEE-8178-A81998DF0EDB}.Debug|x86.ActiveCfg = Debug|Any CPU
		{D551234B-0A8D-4DEE-8178-A81998DF0EDB}.Debug|x86.Build.0 = Debug|Any CPU
		{D551234B-0A8D-4DEE-8178-A81998DF0EDB}.Release|Any CPU.ActiveCfg = Release|Any CPU
		{D551234B-0A8D-4DEE-8178-A81998DF0EDB}.Release|Any CPU.Build.0 = Release|Any CPU
		{D551234B-0A8D-4DEE-8178-A81998DF0EDB}.Release|x64.ActiveCfg = Release|Any CPU
		{D551234B-0A8D-4DEE-8178-A81998DF0EDB}.Release|x64.Build.0 = Release|Any CPU
		{D551234B-0A8D-4DEE-8178-A81998DF0EDB}.Release|x86.ActiveCfg = Release|Any CPU
		{D551234B-0A8D-4DEE-8178-A81998DF0EDB}.Release|x86.Build.0 = Release|Any CPU
		{473BFF7D-C7F0-471D-B7A3-19AD9ADFDBA9}.Debug|Any CPU.ActiveCfg = Debug|Any CPU
		{473BFF7D-C7F0-471D-B7A3-19AD9ADFDBA9}.Debug|Any CPU.Build.0 = Debug|Any CPU
		{473BFF7D-C7F0-471D-B7A3-19AD9ADFDBA9}.Debug|x64.ActiveCfg = Debug|Any CPU
		{473BFF7D-C7F0-471D-B7A3-19AD9ADFDBA9}.Debug|x64.Build.0 = Debug|Any CPU
		{473BFF7D-C7F0-471D-B7A3-19AD9ADFDBA9}.Debug|x86.ActiveCfg = Debug|Any CPU
		{473BFF7D-C7F0-471D-B7A3-19AD9ADFDBA9}.Debug|x86.Build.0 = Debug|Any CPU
		{473BFF7D-C7F0-471D-B7A3-19AD9ADFDBA9}.Release|Any CPU.ActiveCfg = Release|Any CPU
		{473BFF7D-C7F0-471D-B7A3-19AD9ADFDBA9}.Release|Any CPU.Build.0 = Release|Any CPU
		{473BFF7D-C7F0-471D-B7A3-19AD9ADFDBA9}.Release|x64.ActiveCfg = Release|Any CPU
		{473BFF7D-C7F0-471D-B7A3-19AD9ADFDBA9}.Release|x64.Build.0 = Release|Any CPU
		{473BFF7D-C7F0-471D-B7A3-19AD9ADFDBA9}.Release|x86.ActiveCfg = Release|Any CPU
		{473BFF7D-C7F0-471D-B7A3-19AD9ADFDBA9}.Release|x86.Build.0 = Release|Any CPU
	EndGlobalSection
	GlobalSection(SolutionProperties) = preSolution
		HideSolutionNode = FALSE
	EndGlobalSection
	GlobalSection(NestedProjects) = preSolution
		{D551234B-0A8D-4DEE-8178-A81998DF0EDB} = {E4B09348-2E98-4A58-8D5A-B55231D6A2E3}
		{473BFF7D-C7F0-471D-B7A3-19AD9ADFDBA9} = {E4B09348-2E98-4A58-8D5A-B55231D6A2E3}
	EndGlobalSection
	GlobalSection(ExtensibilityGlobals) = postSolution
		SolutionGuid = {CE278D6B-F8FA-4F40-A67B-A8367F40FCA4}
	EndGlobalSection
EndGlobal
